
Microsoft Visual Studio Solution File, Format Version 12.00
# Visual Studio Version 17
VisualStudioVersion = 17.11.35327.3
MinimumVisualStudioVersion = 10.0.40219.1
Project("{FAE04EC0-301F-11D3-BF4B-00C04F79EFBC}") = "Western Union  Automation Task", "Western Union  Automation Task\Western Union  Automation Task.csproj", "{96654352-F8FB-434D-86A1-8CC573F2D895}"
EndProject
Global
	GlobalSection(SolutionConfigurationPlatforms) = preSolution
		Debug|Any CPU = Debug|Any CPU
		Release|Any CPU = Release|Any CPU
	EndGlobalSection
	GlobalSection(ProjectConfigurationPlatforms) = postSolution
		{96654352-F8FB-434D-86A1-8CC573F2D895}.Debug|Any CPU.ActiveCfg = Debug|Any CPU
		{96654352-F8FB-434D-86A1-8CC573F2D895}.Debug|Any CPU.Build.0 = Debug|Any CPU
		{96654352-F8FB-434D-86A1-8CC573F2D895}.Release|Any CPU.ActiveCfg = Release|Any CPU
		{96654352-F8FB-434D-86A1-8CC573F2D895}.Release|Any CPU.Build.0 = Release|Any CPU
	EndGlobalSection
	GlobalSection(SolutionProperties) = preSolution
		HideSolutionNode = FALSE
	EndGlobalSection
	GlobalSection(ExtensibilityGlobals) = postSolution
		SolutionGuid = {83777E8D-026F-4CE7-B44C-2A5A0DA0EBF0}
	EndGlobalSection
EndGlobal
